{
  "originHash" : "f68aff8a12f50dc372c916ded1eb24ad31fbe45eb5de8e8d846c258d367155d4",
  "pins" : [
    {
      "identity" : "sparkle",
      "kind" : "remoteSourceControl",
      "location" : "https://github.com/sparkle-project/Sparkle.git",
      "state" : {
        "revision" : "b6496a74a087257ef5e6da1c5b29a447a60f5bd7",
        "version" : "2.9.4"
      }
    },
    {
      "identity" : "zipfoundation",
      "kind" : "remoteSourceControl",
      "location" : "https://github.com/cavoco/ZIPFoundation.git",
      "state" : {
        "revision" : "514ad8d8e6b98b2c535d5653ab77e15b09a4fa61"
      }
    }
  ],
  "version" : 3
}
