// !$*UTF8*$!
{
	archiveVersion = 1;
	classes = {
	};
	objectVersion = 56;
	objects = {

/* Begin PBXBuildFile section */
		A100000001 /* Preview3MFApp.swift in Sources */ = {isa = PBXBuildFile; fileRef = A200000001 /* Preview3MFApp.swift */; };
		A100000002 /* ContentView.swift in Sources */ = {isa = PBXBuildFile; fileRef = A200000002 /* ContentView.swift */; };
		A100000003 /* Assets.xcassets in Resources */ = {isa = PBXBuildFile; fileRef = A200000003 /* Assets.xcassets */; };
		A100000004 /* ThreeMFParser.swift in Sources */ = {isa = PBXBuildFile; fileRef = A200000010 /* ThreeMFParser.swift */; };
		A100000005 /* SceneBuilder.swift in Sources */ = {isa = PBXBuildFile; fileRef = A200000011 /* SceneBuilder.swift */; };
		A100000006 /* PreviewViewController.swift in Sources */ = {isa = PBXBuildFile; fileRef = A200000020 /* PreviewViewController.swift */; };
		A100000007 /* ThreeMFParser.swift in Sources */ = {isa = PBXBuildFile; fileRef = A200000010 /* ThreeMFParser.swift */; };
		A100000008 /* SceneBuilder.swift in Sources */ = {isa = PBXBuildFile; fileRef = A200000011 /* SceneBuilder.swift */; };
		A100000009 /* PreviewExtension.appex in Embed Foundation Extensions */ = {isa = PBXBuildFile; fileRef = A300000002 /* PreviewExtension.appex */; settings = {ATTRIBUTES = (RemoveHeadersOnCopy, ); }; };
		A100000010 /* ZIPFoundation in Frameworks */ = {isa = PBXBuildFile; productRef = A500000001 /* ZIPFoundation */; };
		A100000011 /* ZIPFoundation in Frameworks */ = {isa = PBXBuildFile; productRef = A500000002 /* ZIPFoundation */; };
		A100000020 /* ThreeMFParserTests.swift in Sources */ = {isa = PBXBuildFile; fileRef = A200000030 /* ThreeMFParserTests.swift */; };
		A100000021 /* SceneBuilderTests.swift in Sources */ = {isa = PBXBuildFile; fileRef = A200000031 /* SceneBuilderTests.swift */; };
/* End PBXBuildFile section */

/* Begin PBXContainerItemProxy section */
		A600000001 /* PBXContainerItemProxy */ = {
			isa = PBXContainerItemProxy;
			containerPortal = A400000001 /* Project object */;
			proxyType = 1;
			remoteGlobalIDString = A300000003;
			remoteInfo = PreviewExtension;
		};
		A600000003 /* PBXContainerItemProxy */ = {
			isa = PBXContainerItemProxy;
			containerPortal = A400000001 /* Project object */;
			proxyType = 1;
			remoteGlobalIDString = A300000004;
			remoteInfo = Preview3MF;
		};
/* End PBXContainerItemProxy section */

/* Begin PBXCopyFilesBuildPhase section */
		A700000001 /* Embed Foundation Extensions */ = {
			isa = PBXCopyFilesBuildPhase;
			buildActionMask = 2147483647;
			dstPath = "";
			dstSubfolderSpec = 13;
			files = (
				A100000009 /* PreviewExtension.appex in Embed Foundation Extensions */,
			);
			name = "Embed Foundation Extensions";
			runOnlyForDeploymentPostprocessing = 0;
		};
/* End PBXCopyFilesBuildPhase section */

/* Begin PBXFileReference section */
		A200000001 /* Preview3MFApp.swift */ = {isa = PBXFileReference; lastKnownFileType = sourcecode.swift; path = Preview3MFApp.swift; sourceTree = "<group>"; };
		A200000002 /* ContentView.swift */ = {isa = PBXFileReference; lastKnownFileType = sourcecode.swift; path = ContentView.swift; sourceTree = "<group>"; };
		A200000003 /* Assets.xcassets */ = {isa = PBXFileReference; lastKnownFileType = folder.assetcatalog; path = Assets.xcassets; sourceTree = "<group>"; };
		A200000004 /* Info.plist */ = {isa = PBXFileReference; lastKnownFileType = text.plist.xml; path = Info.plist; sourceTree = "<group>"; };
		A200000005 /* Preview3MF.entitlements */ = {isa = PBXFileReference; lastKnownFileType = text.plist.entitlements; path = Preview3MF.entitlements; sourceTree = "<group>"; };
		A200000010 /* ThreeMFParser.swift */ = {isa = PBXFileReference; lastKnownFileType = sourcecode.swift; path = ThreeMFParser.swift; sourceTree = "<group>"; };
		A200000011 /* SceneBuilder.swift */ = {isa = PBXFileReference; lastKnownFileType = sourcecode.swift; path = SceneBuilder.swift; sourceTree = "<group>"; };
		A200000020 /* PreviewViewController.swift */ = {isa = PBXFileReference; lastKnownFileType = sourcecode.swift; path = PreviewViewController.swift; sourceTree = "<group>"; };
		A200000021 /* Info.plist */ = {isa = PBXFileReference; lastKnownFileType = text.plist.xml; path = Info.plist; sourceTree = "<group>"; };
		A200000022 /* PreviewExtension.entitlements */ = {isa = PBXFileReference; lastKnownFileType = text.plist.entitlements; path = PreviewExtension.entitlements; sourceTree = "<group>"; };
		A200000030 /* ThreeMFParserTests.swift */ = {isa = PBXFileReference; lastKnownFileType = sourcecode.swift; path = ThreeMFParserTests.swift; sourceTree = "<group>"; };
		A200000031 /* SceneBuilderTests.swift */ = {isa = PBXFileReference; lastKnownFileType = sourcecode.swift; path = SceneBuilderTests.swift; sourceTree = "<group>"; };
		A300000001 /* Preview3MF.app */ = {isa = PBXFileReference; explicitFileType = wrapper.application; includeInIndex = 0; path = Preview3MF.app; sourceTree = BUILT_PRODUCTS_DIR; };
		A300000002 /* PreviewExtension.appex */ = {isa = PBXFileReference; explicitFileType = "wrapper.app-extension"; includeInIndex = 0; path = PreviewExtension.appex; sourceTree = BUILT_PRODUCTS_DIR; };
		A300000005 /* Preview3MFTests.xctest */ = {isa = PBXFileReference; explicitFileType = wrapper.cfbundle; includeInIndex = 0; path = Preview3MFTests.xctest; sourceTree = BUILT_PRODUCTS_DIR; };
/* End PBXFileReference section */

/* Begin PBXFrameworksBuildPhase section */
		A800000001 /* Frameworks */ = {
			isa = PBXFrameworksBuildPhase;
			buildActionMask = 2147483647;
			files = (
				A100000010 /* ZIPFoundation in Frameworks */,
			);
			runOnlyForDeploymentPostprocessing = 0;
		};
		A800000002 /* Frameworks */ = {
			isa = PBXFrameworksBuildPhase;
			buildActionMask = 2147483647;
			files = (
				A100000011 /* ZIPFoundation in Frameworks */,
			);
			runOnlyForDeploymentPostprocessing = 0;
		};
		A800000003 /* Frameworks */ = {
			isa = PBXFrameworksBuildPhase;
			buildActionMask = 2147483647;
			files = (
			);
			runOnlyForDeploymentPostprocessing = 0;
		};
/* End PBXFrameworksBuildPhase section */

/* Begin PBXGroup section */
		A900000001 = {
			isa = PBXGroup;
			children = (
				A900000002 /* Preview3MF */,
				A900000003 /* PreviewExtension */,
				A900000004 /* Shared */,
				A900000006 /* Preview3MFTests */,
				A900000005 /* Products */,
			);
			sourceTree = "<group>";
		};
		A900000002 /* Preview3MF */ = {
			isa = PBXGroup;
			children = (
				A200000001 /* Preview3MFApp.swift */,
				A200000002 /* ContentView.swift */,
				A200000003 /* Assets.xcassets */,
				A200000004 /* Info.plist */,
				A200000005 /* Preview3MF.entitlements */,
			);
			path = Preview3MF;
			sourceTree = "<group>";
		};
		A900000003 /* PreviewExtension */ = {
			isa = PBXGroup;
			children = (
				A200000020 /* PreviewViewController.swift */,
				A200000021 /* Info.plist */,
				A200000022 /* PreviewExtension.entitlements */,
			);
			path = PreviewExtension;
			sourceTree = "<group>";
		};
		A900000004 /* Shared */ = {
			isa = PBXGroup;
			children = (
				A200000010 /* ThreeMFParser.swift */,
				A200000011 /* SceneBuilder.swift */,
			);
			path = Shared;
			sourceTree = "<group>";
		};
		A900000005 /* Products */ = {
			isa = PBXGroup;
			children = (
				A300000001 /* Preview3MF.app */,
				A300000002 /* PreviewExtension.appex */,
				A300000005 /* Preview3MFTests.xctest */,
			);
			name = Products;
			sourceTree = "<group>";
		};
		A900000006 /* Preview3MFTests */ = {
			isa = PBXGroup;
			children = (
				A200000030 /* ThreeMFParserTests.swift */,
				A200000031 /* SceneBuilderTests.swift */,
			);
			path = Preview3MFTests;
			sourceTree = "<group>";
		};
/* End PBXGroup section */

/* Begin PBXNativeTarget section */
		A300000003 /* PreviewExtension */ = {
			isa = PBXNativeTarget;
			buildConfigurationList = AB00000002 /* Build configuration list for PBXNativeTarget "PreviewExtension" */;
			buildPhases = (
				AA00000002 /* Sources */,
				A800000002 /* Frameworks */,
			);
			buildRules = (
			);
			dependencies = (
			);
			name = PreviewExtension;
			packageProductDependencies = (
				A500000002 /* ZIPFoundation */,
			);
			productName = PreviewExtension;
			productReference = A300000002 /* PreviewExtension.appex */;
			productType = "com.apple.product-type.app-extension";
		};
		A300000004 /* Preview3MF */ = {
			isa = PBXNativeTarget;
			buildConfigurationList = AB00000001 /* Build configuration list for PBXNativeTarget "Preview3MF" */;
			buildPhases = (
				AA00000001 /* Sources */,
				A800000001 /* Frameworks */,
				AA00000003 /* Resources */,
				A700000001 /* Embed Foundation Extensions */,
			);
			buildRules = (
			);
			dependencies = (
				A600000002 /* PBXTargetDependency */,
			);
			name = Preview3MF;
			packageProductDependencies = (
				A500000001 /* ZIPFoundation */,
			);
			productName = Preview3MF;
			productReference = A300000001 /* Preview3MF.app */;
			productType = "com.apple.product-type.application";
		};
		A300000006 /* Preview3MFTests */ = {
			isa = PBXNativeTarget;
			buildConfigurationList = AB00000004 /* Build configuration list for PBXNativeTarget "Preview3MFTests" */;
			buildPhases = (
				AA00000004 /* Sources */,
				A800000003 /* Frameworks */,
			);
			buildRules = (
			);
			dependencies = (
				A600000004 /* PBXTargetDependency */,
			);
			name = Preview3MFTests;
			productName = Preview3MFTests;
			productReference = A300000005 /* Preview3MFTests.xctest */;
			productType = "com.apple.product-type.bundle.unit-test";
		};
/* End PBXNativeTarget section */

/* Begin PBXProject section */
		A400000001 /* Project object */ = {
			isa = PBXProject;
			attributes = {
				BuildIndependentTargetsInParallel = 1;
				LastSwiftUpdateCheck = 1500;
				LastUpgradeCheck = 2610;
				TargetAttributes = {
					A300000003 = {
						CreatedOnToolsVersion = 15.0;
					};
					A300000004 = {
						CreatedOnToolsVersion = 15.0;
					};
					A300000006 = {
						CreatedOnToolsVersion = 15.0;
						TestTargetID = A300000004;
					};
				};
			};
			buildConfigurationList = AB00000003 /* Build configuration list for PBXProject "Preview3MF" */;
			compatibilityVersion = "Xcode 14.0";
			developmentRegion = en;
			hasScannedForEncodings = 0;
			knownRegions = (
				en,
				Base,
			);
			mainGroup = A900000001;
			packageReferences = (
				A500000003 /* XCRemoteSwiftPackageReference "ZIPFoundation" */,
			);
			productRefGroup = A900000005 /* Products */;
			projectDirPath = "";
			projectRoot = "";
			targets = (
				A300000004 /* Preview3MF */,
				A300000003 /* PreviewExtension */,
				A300000006 /* Preview3MFTests */,
			);
		};
/* End PBXProject section */

/* Begin PBXResourcesBuildPhase section */
		AA00000003 /* Resources */ = {
			isa = PBXResourcesBuildPhase;
			buildActionMask = 2147483647;
			files = (
				A100000003 /* Assets.xcassets in Resources */,
			);
			runOnlyForDeploymentPostprocessing = 0;
		};
/* End PBXResourcesBuildPhase section */

/* Begin PBXSourcesBuildPhase section */
		AA00000001 /* Sources */ = {
			isa = PBXSourcesBuildPhase;
			buildActionMask = 2147483647;
			files = (
				A100000001 /* Preview3MFApp.swift in Sources */,
				A100000002 /* ContentView.swift in Sources */,
				A100000004 /* ThreeMFParser.swift in Sources */,
				A100000005 /* SceneBuilder.swift in Sources */,
			);
			runOnlyForDeploymentPostprocessing = 0;
		};
		AA00000002 /* Sources */ = {
			isa = PBXSourcesBuildPhase;
			buildActionMask = 2147483647;
			files = (
				A100000006 /* PreviewViewController.swift in Sources */,
				A100000007 /* ThreeMFParser.swift in Sources */,
				A100000008 /* SceneBuilder.swift in Sources */,
			);
			runOnlyForDeploymentPostprocessing = 0;
		};
		AA00000004 /* Sources */ = {
			isa = PBXSourcesBuildPhase;
			buildActionMask = 2147483647;
			files = (
				A100000020 /* ThreeMFParserTests.swift in Sources */,
				A100000021 /* SceneBuilderTests.swift in Sources */,
			);
			runOnlyForDeploymentPostprocessing = 0;
		};
/* End PBXSourcesBuildPhase section */

/* Begin PBXTargetDependency section */
		A600000002 /* PBXTargetDependency */ = {
			isa = PBXTargetDependency;
			target = A300000003 /* PreviewExtension */;
			targetProxy = A600000001 /* PBXContainerItemProxy */;
		};
		A600000004 /* PBXTargetDependency */ = {
			isa = PBXTargetDependency;
			target = A300000004 /* Preview3MF */;
			targetProxy = A600000003 /* PBXContainerItemProxy */;
		};
/* End PBXTargetDependency section */

/* Begin XCBuildConfiguration section */
		AC00000001 /* Debug */ = {
			isa = XCBuildConfiguration;
			buildSettings = {
				ALWAYS_SEARCH_USER_PATHS = NO;
				ASSETCATALOG_COMPILER_GENERATE_SWIFT_ASSET_SYMBOL_EXTENSIONS = YES;
				CLANG_ANALYZER_NONNULL = YES;
				CLANG_CXX_LANGUAGE_STANDARD = "gnu++20";
				CLANG_ENABLE_MODULES = YES;
				CLANG_ENABLE_OBJC_ARC = YES;
				CLANG_WARN_BLOCK_CAPTURE_AUTORELEASING = YES;
				CLANG_WARN_BOOL_CONVERSION = YES;
				CLANG_WARN_COMMA = YES;
				CLANG_WARN_CONSTANT_CONVERSION = YES;
				CLANG_WARN_DEPRECATED_OBJC_IMPLEMENTATIONS = YES;
				CLANG_WARN_EMPTY_BODY = YES;
				CLANG_WARN_ENUM_CONVERSION = YES;
				CLANG_WARN_INFINITE_RECURSION = YES;
				CLANG_WARN_INT_CONVERSION = YES;
				CLANG_WARN_NON_LITERAL_NULL_CONVERSION = YES;
				CLANG_WARN_OBJC_IMPLICIT_RETAIN_SELF = YES;
				CLANG_WARN_OBJC_LITERAL_CONVERSION = YES;
				CLANG_WARN_QUOTED_INCLUDE_IN_FRAMEWORK_HEADER = YES;
				CLANG_WARN_RANGE_LOOP_ANALYSIS = YES;
				CLANG_WARN_STRICT_PROTOTYPES = YES;
				CLANG_WARN_SUSPICIOUS_MOVE = YES;
				CLANG_WARN_UNREACHABLE_CODE = YES;
				CLANG_WARN__DUPLICATE_METHOD_MATCH = YES;
				COPY_PHASE_STRIP = NO;
				DEAD_CODE_STRIPPING = YES;
				DEBUG_INFORMATION_FORMAT = dwarf;
				DEVELOPMENT_TEAM = XPBX8CKBGU;
				ENABLE_STRICT_OBJC_MSGSEND = YES;
				ENABLE_TESTABILITY = YES;
				ENABLE_USER_SCRIPT_SANDBOXING = YES;
				GCC_NO_COMMON_BLOCKS = YES;
				GCC_OPTIMIZATION_LEVEL = 0;
				GCC_WARN_64_TO_32_BIT_CONVERSION = YES;
				GCC_WARN_ABOUT_RETURN_TYPE = YES_ERROR;
				GCC_WARN_UNDECLARED_SELECTOR = YES;
				GCC_WARN_UNINITIALIZED_AUTOS = YES_AGGRESSIVE;
				GCC_WARN_UNUSED_FUNCTION = YES;
				GCC_WARN_UNUSED_VARIABLE = YES;
				MACOSX_DEPLOYMENT_TARGET = 13.0;
				MTL_ENABLE_DEBUG_INFO = INCLUDE_SOURCE;
				ONLY_ACTIVE_ARCH = YES;
				SDKROOT = macosx;
				STRING_CATALOG_GENERATE_SYMBOLS = YES;
				SWIFT_ACTIVE_COMPILATION_CONDITIONS = "DEBUG $(inherited)";
				SWIFT_OPTIMIZATION_LEVEL = "-Onone";
				SWIFT_VERSION = 5.0;
			};
			name = Debug;
		};
		AC00000002 /* Release */ = {
			isa = XCBuildConfiguration;
			buildSettings = {
				ALWAYS_SEARCH_USER_PATHS = NO;
				ASSETCATALOG_COMPILER_GENERATE_SWIFT_ASSET_SYMBOL_EXTENSIONS = YES;
				CLANG_ANALYZER_NONNULL = YES;
				CLANG_CXX_LANGUAGE_STANDARD = "gnu++20";
				CLANG_ENABLE_MODULES = YES;
				CLANG_ENABLE_OBJC_ARC = YES;
				CLANG_WARN_BLOCK_CAPTURE_AUTORELEASING = YES;
				CLANG_WARN_BOOL_CONVERSION = YES;
				CLANG_WARN_COMMA = YES;
				CLANG_WARN_CONSTANT_CONVERSION = YES;
				CLANG_WARN_DEPRECATED_OBJC_IMPLEMENTATIONS = YES;
				CLANG_WARN_EMPTY_BODY = YES;
				CLANG_WARN_ENUM_CONVERSION = YES;
				CLANG_WARN_INFINITE_RECURSION = YES;
				CLANG_WARN_INT_CONVERSION = YES;
				CLANG_WARN_NON_LITERAL_NULL_CONVERSION = YES;
				CLANG_WARN_OBJC_IMPLICIT_RETAIN_SELF = YES;
				CLANG_WARN_OBJC_LITERAL_CONVERSION = YES;
				CLANG_WARN_QUOTED_INCLUDE_IN_FRAMEWORK_HEADER = YES;
				CLANG_WARN_RANGE_LOOP_ANALYSIS = YES;
				CLANG_WARN_STRICT_PROTOTYPES = YES;
				CLANG_WARN_SUSPICIOUS_MOVE = YES;
				CLANG_WARN_UNREACHABLE_CODE = YES;
				CLANG_WARN__DUPLICATE_METHOD_MATCH = YES;
				COPY_PHASE_STRIP = NO;
				DEAD_CODE_STRIPPING = YES;
				DEBUG_INFORMATION_FORMAT = "dwarf-with-dsym";
				DEVELOPMENT_TEAM = XPBX8CKBGU;
				ENABLE_NS_ASSERTIONS = NO;
				ENABLE_STRICT_OBJC_MSGSEND = YES;
				ENABLE_USER_SCRIPT_SANDBOXING = YES;
				GCC_NO_COMMON_BLOCKS = YES;
				GCC_WARN_64_TO_32_BIT_CONVERSION = YES;
				GCC_WARN_ABOUT_RETURN_TYPE = YES_ERROR;
				GCC_WARN_UNDECLARED_SELECTOR = YES;
				GCC_WARN_UNINITIALIZED_AUTOS = YES_AGGRESSIVE;
				GCC_WARN_UNUSED_FUNCTION = YES;
				GCC_WARN_UNUSED_VARIABLE = YES;
				MACOSX_DEPLOYMENT_TARGET = 13.0;
				SDKROOT = macosx;
				STRING_CATALOG_GENERATE_SYMBOLS = YES;
				SWIFT_COMPILATION_MODE = wholemodule;
				SWIFT_VERSION = 5.0;
			};
			name = Release;
		};
		AC00000003 /* Debug */ = {
			isa = XCBuildConfiguration;
			buildSettings = {
				ASSETCATALOG_COMPILER_APPICON_NAME = AppIcon;
				AUTOMATION_APPLE_EVENTS = NO;
				CODE_SIGN_ENTITLEMENTS = Preview3MF/Preview3MF.entitlements;
				CODE_SIGN_STYLE = Automatic;
				COMBINE_HIDPI_IMAGES = YES;
				CURRENT_PROJECT_VERSION = 4;
				DEAD_CODE_STRIPPING = YES;
				ENABLE_APP_SANDBOX = YES;
				ENABLE_HARDENED_RUNTIME = YES;
				ENABLE_RESOURCE_ACCESS_AUDIO_INPUT = NO;
				ENABLE_RESOURCE_ACCESS_CALENDARS = NO;
				ENABLE_RESOURCE_ACCESS_CAMERA = NO;
				ENABLE_RESOURCE_ACCESS_CONTACTS = NO;
				ENABLE_RESOURCE_ACCESS_LOCATION = NO;
				ENABLE_RESOURCE_ACCESS_PHOTO_LIBRARY = NO;
				ENABLE_USER_SELECTED_FILES = readonly;
				GENERATE_INFOPLIST_FILE = YES;
				INFOPLIST_FILE = Preview3MF/Info.plist;
				INFOPLIST_KEY_LSApplicationCategoryType = "public.app-category.productivity";
				INFOPLIST_KEY_NSHumanReadableCopyright = "";
				INFOPLIST_KEY_NSPrincipalClass = NSApplication;
				LD_RUNPATH_SEARCH_PATHS = (
					"$(inherited)",
					"@executable_path/../Frameworks",
				);
				MARKETING_VERSION = 1.0.3;
				PRODUCT_BUNDLE_IDENTIFIER = com.preview3mf.Preview3MF;
				PRODUCT_NAME = "$(TARGET_NAME)";
				RUNTIME_EXCEPTION_ALLOW_DYLD_ENVIRONMENT_VARIABLES = NO;
				RUNTIME_EXCEPTION_ALLOW_JIT = NO;
				RUNTIME_EXCEPTION_ALLOW_UNSIGNED_EXECUTABLE_MEMORY = NO;
				RUNTIME_EXCEPTION_DEBUGGING_TOOL = NO;
				RUNTIME_EXCEPTION_DISABLE_EXECUTABLE_PAGE_PROTECTION = NO;
				RUNTIME_EXCEPTION_DISABLE_LIBRARY_VALIDATION = YES;
				SWIFT_EMIT_LOC_STRINGS = YES;
				SWIFT_VERSION = 5.0;
			};
			name = Debug;
		};
		AC00000004 /* Release */ = {
			isa = XCBuildConfiguration;
			buildSettings = {
				ASSETCATALOG_COMPILER_APPICON_NAME = AppIcon;
				AUTOMATION_APPLE_EVENTS = NO;
				CODE_SIGN_ENTITLEMENTS = Preview3MF/Preview3MF.entitlements;
				CODE_SIGN_STYLE = Automatic;
				COMBINE_HIDPI_IMAGES = YES;
				CURRENT_PROJECT_VERSION = 4;
				DEAD_CODE_STRIPPING = YES;
				ENABLE_APP_SANDBOX = YES;
				ENABLE_HARDENED_RUNTIME = YES;
				ENABLE_RESOURCE_ACCESS_AUDIO_INPUT = NO;
				ENABLE_RESOURCE_ACCESS_CALENDARS = NO;
				ENABLE_RESOURCE_ACCESS_CAMERA = NO;
				ENABLE_RESOURCE_ACCESS_CONTACTS = NO;
				ENABLE_RESOURCE_ACCESS_LOCATION = NO;
				ENABLE_RESOURCE_ACCESS_PHOTO_LIBRARY = NO;
				ENABLE_USER_SELECTED_FILES = readonly;
				GENERATE_INFOPLIST_FILE = YES;
				INFOPLIST_FILE = Preview3MF/Info.plist;
				INFOPLIST_KEY_LSApplicationCategoryType = "public.app-category.productivity";
				INFOPLIST_KEY_NSHumanReadableCopyright = "";
				INFOPLIST_KEY_NSPrincipalClass = NSApplication;
				LD_RUNPATH_SEARCH_PATHS = (
					"$(inherited)",
					"@executable_path/../Frameworks",
				);
				MARKETING_VERSION = 1.0.3;
				PRODUCT_BUNDLE_IDENTIFIER = com.preview3mf.Preview3MF;
				PRODUCT_NAME = "$(TARGET_NAME)";
				RUNTIME_EXCEPTION_ALLOW_DYLD_ENVIRONMENT_VARIABLES = NO;
				RUNTIME_EXCEPTION_ALLOW_JIT = NO;
				RUNTIME_EXCEPTION_ALLOW_UNSIGNED_EXECUTABLE_MEMORY = NO;
				RUNTIME_EXCEPTION_DEBUGGING_TOOL = NO;
				RUNTIME_EXCEPTION_DISABLE_EXECUTABLE_PAGE_PROTECTION = NO;
				RUNTIME_EXCEPTION_DISABLE_LIBRARY_VALIDATION = YES;
				SWIFT_EMIT_LOC_STRINGS = YES;
				SWIFT_VERSION = 5.0;
			};
			name = Release;
		};
		AC00000005 /* Debug */ = {
			isa = XCBuildConfiguration;
			buildSettings = {
				AUTOMATION_APPLE_EVENTS = NO;
				CODE_SIGN_ENTITLEMENTS = PreviewExtension/PreviewExtension.entitlements;
				CODE_SIGN_STYLE = Automatic;
				CURRENT_PROJECT_VERSION = 4;
				DEAD_CODE_STRIPPING = YES;
				ENABLE_APP_SANDBOX = YES;
				ENABLE_HARDENED_RUNTIME = YES;
				ENABLE_INCOMING_NETWORK_CONNECTIONS = NO;
				ENABLE_OUTGOING_NETWORK_CONNECTIONS = NO;
				ENABLE_RESOURCE_ACCESS_AUDIO_INPUT = NO;
				ENABLE_RESOURCE_ACCESS_BLUETOOTH = NO;
				ENABLE_RESOURCE_ACCESS_CALENDARS = NO;
				ENABLE_RESOURCE_ACCESS_CAMERA = NO;
				ENABLE_RESOURCE_ACCESS_CONTACTS = NO;
				ENABLE_RESOURCE_ACCESS_LOCATION = NO;
				ENABLE_RESOURCE_ACCESS_PHOTO_LIBRARY = NO;
				ENABLE_RESOURCE_ACCESS_PRINTING = NO;
				ENABLE_RESOURCE_ACCESS_USB = NO;
				ENABLE_USER_SELECTED_FILES = readonly;
				GENERATE_INFOPLIST_FILE = YES;
				INFOPLIST_FILE = PreviewExtension/Info.plist;
				INFOPLIST_KEY_CFBundleDisplayName = PreviewExtension;
				INFOPLIST_KEY_NSHumanReadableCopyright = "";
				LD_RUNPATH_SEARCH_PATHS = (
					"$(inherited)",
					"@executable_path/../Frameworks",
					"@executable_path/../../../../Frameworks",
				);
				MARKETING_VERSION = 1.0.3;
				PRODUCT_BUNDLE_IDENTIFIER = com.preview3mf.Preview3MF.PreviewExtension;
				PRODUCT_NAME = "$(TARGET_NAME)";
				RUNTIME_EXCEPTION_ALLOW_DYLD_ENVIRONMENT_VARIABLES = NO;
				RUNTIME_EXCEPTION_ALLOW_JIT = NO;
				RUNTIME_EXCEPTION_ALLOW_UNSIGNED_EXECUTABLE_MEMORY = NO;
				RUNTIME_EXCEPTION_DEBUGGING_TOOL = NO;
				RUNTIME_EXCEPTION_DISABLE_EXECUTABLE_PAGE_PROTECTION = NO;
				RUNTIME_EXCEPTION_DISABLE_LIBRARY_VALIDATION = YES;
				SKIP_INSTALL = YES;
				SWIFT_EMIT_LOC_STRINGS = YES;
				SWIFT_VERSION = 5.0;
			};
			name = Debug;
		};
		AC00000006 /* Release */ = {
			isa = XCBuildConfiguration;
			buildSettings = {
				AUTOMATION_APPLE_EVENTS = NO;
				CODE_SIGN_ENTITLEMENTS = PreviewExtension/PreviewExtension.entitlements;
				CODE_SIGN_STYLE = Automatic;
				CURRENT_PROJECT_VERSION = 4;
				DEAD_CODE_STRIPPING = YES;
				ENABLE_APP_SANDBOX = YES;
				ENABLE_HARDENED_RUNTIME = YES;
				ENABLE_INCOMING_NETWORK_CONNECTIONS = NO;
				ENABLE_OUTGOING_NETWORK_CONNECTIONS = NO;
				ENABLE_RESOURCE_ACCESS_AUDIO_INPUT = NO;
				ENABLE_RESOURCE_ACCESS_BLUETOOTH = NO;
				ENABLE_RESOURCE_ACCESS_CALENDARS = NO;
				ENABLE_RESOURCE_ACCESS_CAMERA = NO;
				ENABLE_RESOURCE_ACCESS_CONTACTS = NO;
				ENABLE_RESOURCE_ACCESS_LOCATION = NO;
				ENABLE_RESOURCE_ACCESS_PHOTO_LIBRARY = NO;
				ENABLE_RESOURCE_ACCESS_PRINTING = NO;
				ENABLE_RESOURCE_ACCESS_USB = NO;
				ENABLE_USER_SELECTED_FILES = readonly;
				GENERATE_INFOPLIST_FILE = YES;
				INFOPLIST_FILE = PreviewExtension/Info.plist;
				INFOPLIST_KEY_CFBundleDisplayName = PreviewExtension;
				INFOPLIST_KEY_NSHumanReadableCopyright = "";
				LD_RUNPATH_SEARCH_PATHS = (
					"$(inherited)",
					"@executable_path/../Frameworks",
					"@executable_path/../../../../Frameworks",
				);
				MARKETING_VERSION = 1.0.3;
				PRODUCT_BUNDLE_IDENTIFIER = com.preview3mf.Preview3MF.PreviewExtension;
				PRODUCT_NAME = "$(TARGET_NAME)";
				RUNTIME_EXCEPTION_ALLOW_DYLD_ENVIRONMENT_VARIABLES = NO;
				RUNTIME_EXCEPTION_ALLOW_JIT = NO;
				RUNTIME_EXCEPTION_ALLOW_UNSIGNED_EXECUTABLE_MEMORY = NO;
				RUNTIME_EXCEPTION_DEBUGGING_TOOL = NO;
				RUNTIME_EXCEPTION_DISABLE_EXECUTABLE_PAGE_PROTECTION = NO;
				RUNTIME_EXCEPTION_DISABLE_LIBRARY_VALIDATION = YES;
				SKIP_INSTALL = YES;
				SWIFT_EMIT_LOC_STRINGS = YES;
				SWIFT_VERSION = 5.0;
			};
			name = Release;
		};
		AC00000007 /* Debug */ = {
			isa = XCBuildConfiguration;
			buildSettings = {
				BUNDLE_LOADER = "$(TEST_HOST)";
				CODE_SIGN_STYLE = Automatic;
				CURRENT_PROJECT_VERSION = 1;
				DEAD_CODE_STRIPPING = YES;
				GENERATE_INFOPLIST_FILE = YES;
				MARKETING_VERSION = 1.0;
				PRODUCT_BUNDLE_IDENTIFIER = com.preview3mf.Preview3MFTests;
				PRODUCT_NAME = "$(TARGET_NAME)";
				SWIFT_EMIT_LOC_STRINGS = NO;
				SWIFT_VERSION = 5.0;
				TEST_HOST = "$(BUILT_PRODUCTS_DIR)/Preview3MF.app/Contents/MacOS/Preview3MF";
			};
			name = Debug;
		};
		AC00000008 /* Release */ = {
			isa = XCBuildConfiguration;
			buildSettings = {
				BUNDLE_LOADER = "$(TEST_HOST)";
				CODE_SIGN_STYLE = Automatic;
				CURRENT_PROJECT_VERSION = 1;
				DEAD_CODE_STRIPPING = YES;
				GENERATE_INFOPLIST_FILE = YES;
				MARKETING_VERSION = 1.0;
				PRODUCT_BUNDLE_IDENTIFIER = com.preview3mf.Preview3MFTests;
				PRODUCT_NAME = "$(TARGET_NAME)";
				SWIFT_EMIT_LOC_STRINGS = NO;
				SWIFT_VERSION = 5.0;
				TEST_HOST = "$(BUILT_PRODUCTS_DIR)/Preview3MF.app/Contents/MacOS/Preview3MF";
			};
			name = Release;
		};
/* End XCBuildConfiguration section */

/* Begin XCConfigurationList section */
		AB00000001 /* Build configuration list for PBXNativeTarget "Preview3MF" */ = {
			isa = XCConfigurationList;
			buildConfigurations = (
				AC00000003 /* Debug */,
				AC00000004 /* Release */,
			);
			defaultConfigurationIsVisible = 0;
			defaultConfigurationName = Release;
		};
		AB00000002 /* Build configuration list for PBXNativeTarget "PreviewExtension" */ = {
			isa = XCConfigurationList;
			buildConfigurations = (
				AC00000005 /* Debug */,
				AC00000006 /* Release */,
			);
			defaultConfigurationIsVisible = 0;
			defaultConfigurationName = Release;
		};
		AB00000003 /* Build configuration list for PBXProject "Preview3MF" */ = {
			isa = XCConfigurationList;
			buildConfigurations = (
				AC00000001 /* Debug */,
				AC00000002 /* Release */,
			);
			defaultConfigurationIsVisible = 0;
			defaultConfigurationName = Release;
		};
		AB00000004 /* Build configuration list for PBXNativeTarget "Preview3MFTests" */ = {
			isa = XCConfigurationList;
			buildConfigurations = (
				AC00000007 /* Debug */,
				AC00000008 /* Release */,
			);
			defaultConfigurationIsVisible = 0;
			defaultConfigurationName = Release;
		};
/* End XCConfigurationList section */

/* Begin XCRemoteSwiftPackageReference section */
		A500000003 /* XCRemoteSwiftPackageReference "ZIPFoundation" */ = {
			isa = XCRemoteSwiftPackageReference;
			repositoryURL = "https://github.com/weichsel/ZIPFoundation.git";
			requirement = {
				kind = upToNextMajorVersion;
				minimumVersion = 0.9.19;
			};
		};
/* End XCRemoteSwiftPackageReference section */

/* Begin XCSwiftPackageProductDependency section */
		A500000001 /* ZIPFoundation */ = {
			isa = XCSwiftPackageProductDependency;
			package = A500000003 /* XCRemoteSwiftPackageReference "ZIPFoundation" */;
			productName = ZIPFoundation;
		};
		A500000002 /* ZIPFoundation */ = {
			isa = XCSwiftPackageProductDependency;
			package = A500000003 /* XCRemoteSwiftPackageReference "ZIPFoundation" */;
			productName = ZIPFoundation;
		};
/* End XCSwiftPackageProductDependency section */
	};
	rootObject = A400000001 /* Project object */;
}
